
Microsoft Visual Studio Solution File, Format Version 12.00
# Visual Studio Version 16
VisualStudioVersion = 16.0.809.7
MinimumVisualStudioVersion = 10.0.40219.1
Project("{FAE04EC0-301F-11D3-BF4B-00C04F79EFBC}") = "InvoicesApp", "InvoicesApp\InvoicesApp.csproj", "{5EF8E471-7143-4F6F-9CC9-87F8DB44BED6}"
EndProject
Project("{FAE04EC0-301F-11D3-BF4B-00C04F79EFBC}") = "Models", "Models\Models.csproj", "{16197468-92C1-44E3-9CE8-581249B9AB28}"
EndProject
Global
	GlobalSection(SolutionConfigurationPlatforms) = preSolution
		Debug|Any CPU = Debug|Any CPU
		Release|Any CPU = Release|Any CPU
	EndGlobalSection
	GlobalSection(ProjectConfigurationPlatforms) = postSolution
		{5EF8E471-7143-4F6F-9CC9-87F8DB44BED6}.Debug|Any CPU.ActiveCfg = Debug|Any CPU
		{5EF8E471-7143-4F6F-9CC9-87F8DB44BED6}.Debug|Any CPU.Build.0 = Debug|Any CPU
		{5EF8E471-7143-4F6F-9CC9-87F8DB44BED6}.Release|Any CPU.ActiveCfg = Release|Any CPU
		{5EF8E471-7143-4F6F-9CC9-87F8DB44BED6}.Release|Any CPU.Build.0 = Release|Any CPU
		{16197468-92C1-44E3-9CE8-581249B9AB28}.Debug|Any CPU.ActiveCfg = Debug|Any CPU
		{16197468-92C1-44E3-9CE8-581249B9AB28}.Debug|Any CPU.Build.0 = Debug|Any CPU
		{16197468-92C1-44E3-9CE8-581249B9AB28}.Release|Any CPU.ActiveCfg = Release|Any CPU
		{16197468-92C1-44E3-9CE8-581249B9AB28}.Release|Any CPU.Build.0 = Release|Any CPU
	EndGlobalSection
	GlobalSection(SolutionProperties) = preSolution
		HideSolutionNode = FALSE
	EndGlobalSection
	GlobalSection(ExtensibilityGlobals) = postSolution
		SolutionGuid = {88C9DEDC-2F8A-4C74-BCD9-BACF9A27DEC9}
	EndGlobalSection
EndGlobal
